
Microsoft Visual Studio Solution File, Format Version 12.00
# Visual Studio Version 17
VisualStudioVersion = 17.5.33516.290
MinimumVisualStudioVersion = 10.0.40219.1
Project("{FAE04EC0-301F-11D3-BF4B-00C04F79EFBC}") = "Ejercicio01", "awus\Ejercicio01.csproj", "{161DA6D5-9AF7-4F47-ADCC-777A93342EF1}"
EndProject
Global
	GlobalSection(SolutionConfigurationPlatforms) = preSolution
		Debug|Any CPU = Debug|Any CPU
		Release|Any CPU = Release|Any CPU
	EndGlobalSection
	GlobalSection(ProjectConfigurationPlatforms) = postSolution
		{161DA6D5-9AF7-4F47-ADCC-777A93342EF1}.Debug|Any CPU.ActiveCfg = Debug|Any CPU
		{161DA6D5-9AF7-4F47-ADCC-777A93342EF1}.Debug|Any CPU.Build.0 = Debug|Any CPU
		{161DA6D5-9AF7-4F47-ADCC-777A93342EF1}.Release|Any CPU.ActiveCfg = Release|Any CPU
		{161DA6D5-9AF7-4F47-ADCC-777A93342EF1}.Release|Any CPU.Build.0 = Release|Any CPU
	EndGlobalSection
	GlobalSection(SolutionProperties) = preSolution
		HideSolutionNode = FALSE
	EndGlobalSection
	GlobalSection(ExtensibilityGlobals) = postSolution
		SolutionGuid = {5D93A0D3-4061-4007-9720-75C020BBD41B}
	EndGlobalSection
EndGlobal
